
Microsoft Visual Studio Solution File, Format Version 12.00
# Visual Studio Version 17
VisualStudioVersion = 17.11.35327.3
MinimumVisualStudioVersion = 10.0.40219.1
Project("{8BC9CEB8-8B4A-11D0-8D11-00A0C91BC942}") = "final2", "final2\final2.vcxproj", "{BCA01B8E-7936-467E-844A-114C3EC442EE}"
EndProject
Global
	GlobalSection(SolutionConfigurationPlatforms) = preSolution
		Debug|x64 = Debug|x64
		Debug|x86 = Debug|x86
		Release|x64 = Release|x64
		Release|x86 = Release|x86
	EndGlobalSection
	GlobalSection(ProjectConfigurationPlatforms) = postSolution
		{BCA01B8E-7936-467E-844A-114C3EC442EE}.Debug|x64.ActiveCfg = Debug|x64
		{BCA01B8E-7936-467E-844A-114C3EC442EE}.Debug|x64.Build.0 = Debug|x64
		{BCA01B8E-7936-467E-844A-114C3EC442EE}.Debug|x86.ActiveCfg = Debug|Win32
		{BCA01B8E-7936-467E-844A-114C3EC442EE}.Debug|x86.Build.0 = Debug|Win32
		{BCA01B8E-7936-467E-844A-114C3EC442EE}.Release|x64.ActiveCfg = Release|x64
		{BCA01B8E-7936-467E-844A-114C3EC442EE}.Release|x64.Build.0 = Release|x64
		{BCA01B8E-7936-467E-844A-114C3EC442EE}.Release|x86.ActiveCfg = Release|Win32
		{BCA01B8E-7936-467E-844A-114C3EC442EE}.Release|x86.Build.0 = Release|Win32
	EndGlobalSection
	GlobalSection(SolutionProperties) = preSolution
		HideSolutionNode = FALSE
	EndGlobalSection
	GlobalSection(ExtensibilityGlobals) = postSolution
		SolutionGuid = {6AAF5191-F8BC-486A-8FFC-D138989CE695}
	EndGlobalSection
EndGlobal
